
Microsoft Visual Studio Solution File, Format Version 12.00
# Visual Studio 14
VisualStudioVersion = 14.0.24720.0
MinimumVisualStudioVersion = 10.0.40219.1
Project("{E24C65DC-7377-472B-9ABA-BC803B73C61A}") = "portfolio2", "..\..\WebSites\portfolio2\", "{793CDDC8-CB6F-41A1-8C44-510220B17E40}"
	ProjectSection(WebsiteProperties) = preProject
		TargetFrameworkMoniker = ".NETFramework,Version%3Dv4.5.2"
		Debug.AspNetCompiler.VirtualPath = "/localhost_51364"
		Debug.AspNetCompiler.PhysicalPath = "..\..\WebSites\portfolio2\"
		Debug.AspNetCompiler.TargetPath = "PrecompiledWeb\localhost_51364\"
		Debug.AspNetCompiler.Updateable = "true"
		Debug.AspNetCompiler.ForceOverwrite = "true"
		Debug.AspNetCompiler.FixedNames = "false"
		Debug.AspNetCompiler.Debug = "True"
		Release.AspNetCompiler.VirtualPath = "/localhost_51364"
		Release.AspNetCompiler.PhysicalPath = "..\..\WebSites\portfolio2\"
		Release.AspNetCompiler.TargetPath = "PrecompiledWeb\localhost_51364\"
		Release.AspNetCompiler.Updateable = "true"
		Release.AspNetCompiler.ForceOverwrite = "true"
		Release.AspNetCompiler.FixedNames = "false"
		Release.AspNetCompiler.Debug = "False"
		VWDPort = "51364"
		SlnRelativePath = "..\..\WebSites\portfolio2\"
		DefaultWebSiteLanguage = "Visual C#"
	EndProjectSection
EndProject
Global
	GlobalSection(SolutionConfigurationPlatforms) = preSolution
		Debug|Any CPU = Debug|Any CPU
	EndGlobalSection
	GlobalSection(ProjectConfigurationPlatforms) = postSolution
		{793CDDC8-CB6F-41A1-8C44-510220B17E40}.Debug|Any CPU.ActiveCfg = Debug|Any CPU
		{793CDDC8-CB6F-41A1-8C44-510220B17E40}.Debug|Any CPU.Build.0 = Debug|Any CPU
	EndGlobalSection
	GlobalSection(SolutionProperties) = preSolution
		HideSolutionNode = FALSE
	EndGlobalSection
EndGlobal
